{
  "name": "util",
  "lockfileVersion": 3,
  "requires": true,
  "packages": {
    "": {
      "dependencies": {
        "@xvisionas/graph-resolver": "^1.0.1",
        "@xvisionas/profile-tools": "^1.3.0"
      }
    },
    "node_modules/@xvisionas/graph-resolver": {
      "version": "1.0.1",
      "resolved": "https://npm.pkg.github.com/download/@xvisionas/graph-resolver/1.0.1/d49aec09875daa02c3576010334c8f57b81b87bc",
      "integrity": "sha512-z2z32FtCu0iCJxXWQN3Ng2ZTR1GZik+wZG73rJMCxb6lyVZWsfJK0ZWX8njZ9lPKFjlhlJ/3hXRcXk4E+VcoWA==",
      "license": "MIT",
      "engines": {
        "node": ">=18"
      }
    },
    "node_modules/@xvisionas/profile-tools": {
      "version": "1.3.0",
      "resolved": "https://npm.pkg.github.com/download/@xvisionas/profile-tools/1.3.0/cc6418854ac3b1bcb695b6949d7cdc54a000cbd4",
      "integrity": "sha512-ZSjgtRS4aywZeWhCAwnzHn6eHu2famB91xljynGv+LCPIn4cKrLLw8V4Wn3f4K1OxGN1hQguk2KzNetk1amZMg==",
      "license": "MIT",
      "engines": {
        "node": ">=18"
      }
    }
  }
}
