{
  "name": "@xvisionas/profile-tools",
  "version": "1.0.1",
  "lockfileVersion": 3,
  "requires": true,
  "packages": {
    "": {
      "name": "@xvisionas/profile-tools",
      "version": "1.0.1",
      "license": "MIT",
      "devDependencies": {
        "nock": "^14.0.0-beta.7"
      },
      "engines": {
        "node": ">=18"
      }
    },
    "node_modules/json-stringify-safe": {
      "version": "5.0.1",
      "resolved": "https://registry.npmjs.org/json-stringify-safe/-/json-stringify-safe-5.0.1.tgz",
      "integrity": "sha512-ZClg6AaYvamvYEE82d3Iyd3vSSIjQ+odgjaTzRuO3s7toCdFKczob2i0zCh7JE8kWn17yvAWhUVxvqGwUalsRA==",
      "dev": true
    },
    "node_modules/nock": {
      "version": "14.0.0-beta.7",
      "resolved": "https://registry.npmjs.org/nock/-/nock-14.0.0-beta.7.tgz",
      "integrity": "sha512-+EQMm5W9K8YnBE2Ceg4hnJynaCZmvK8ZlFXQ2fxGwtkOkBUq8GpQLTks2m1jpvse9XDxMDDOHgOWpiznFuh0bA==",
      "dev": true,
      "dependencies": {
        "json-stringify-safe": "^5.0.1",
        "propagate": "^2.0.0"
      },
      "engines": {
        "node": ">= 18"
      }
    },
    "node_modules/propagate": {
      "version": "2.0.1",
      "resolved": "https://registry.npmjs.org/propagate/-/propagate-2.0.1.tgz",
      "integrity": "sha512-vGrhOavPSTz4QVNuBNdcNXePNdNMaO1xj9yBeH1ScQPjk/rhg9sSlCXPhMkFuaNNW/syTvYqsnbIJxMBfRbbag==",
      "dev": true,
      "engines": {
        "node": ">= 8"
      }
    }
  }
}
